// !$*UTF8*$!
{
	archiveVersion = 1;
	classes = {
	};
	objectVersion = 55;
	objects = {

/* Begin PBXBuildFile section */
		E8170A642ACD4D10004880DD /* AppDelegate.swift in Sources */ = {isa = PBXBuildFile; fileRef = E8170A632ACD4D10004880DD /* AppDelegate.swift */; };
		E8170A662ACD4D10004880DD /* SceneDelegate.swift in Sources */ = {isa = PBXBuildFile; fileRef = E8170A652ACD4D10004880DD /* SceneDelegate.swift */; };
		E8170A682ACD4D10004880DD /* ViewController.swift in Sources */ = {isa = PBXBuildFile; fileRef = E8170A672ACD4D10004880DD /* ViewController.swift */; };
		E8170A6B2ACD4D10004880DD /* Main.storyboard in Resources */ = {isa = PBXBuildFile; fileRef = E8170A692ACD4D10004880DD /* Main.storyboard */; };
		E8170A6D2ACD4D12004880DD /* Assets.xcassets in Resources */ = {isa = PBXBuildFile; fileRef = E8170A6C2ACD4D12004880DD /* Assets.xcassets */; };
		E8170A702ACD4D12004880DD /* LaunchScreen.storyboard in Resources */ = {isa = PBXBuildFile; fileRef = E8170A6E2ACD4D12004880DD /* LaunchScreen.storyboard */; };
		E8170A782ACD4D42004880DD /* CityDataModel.swift in Sources */ = {isa = PBXBuildFile; fileRef = E8170A772ACD4D42004880DD /* CityDataModel.swift */; };
		E8170A7A2ACD4D56004880DD /* CostDataModel.swift in Sources */ = {isa = PBXBuildFile; fileRef = E8170A792ACD4D56004880DD /* CostDataModel.swift */; };
		E8170A7E2ACD51D8004880DD /* ViewController2.swift in Sources */ = {isa = PBXBuildFile; fileRef = E8170A7D2ACD51D8004880DD /* ViewController2.swift */; };
		E8170A802ACD58E8004880DD /* TableViewCell.swift in Sources */ = {isa = PBXBuildFile; fileRef = E8170A7F2ACD58E8004880DD /* TableViewCell.swift */; };
/* End PBXBuildFile section */

/* Begin PBXFileReference section */
		E8170A602ACD4D10004880DD /* ProyekUTS.app */ = {isa = PBXFileReference; explicitFileType = wrapper.application; includeInIndex = 0; path = ProyekUTS.app; sourceTree = BUILT_PRODUCTS_DIR; };
		E8170A632ACD4D10004880DD /* AppDelegate.swift */ = {isa = PBXFileReference; lastKnownFileType = sourcecode.swift; path = AppDelegate.swift; sourceTree = "<group>"; };
		E8170A652ACD4D10004880DD /* SceneDelegate.swift */ = {isa = PBXFileReference; lastKnownFileType = sourcecode.swift; path = SceneDelegate.swift; sourceTree = "<group>"; };
		E8170A672ACD4D10004880DD /* ViewController.swift */ = {isa = PBXFileReference; lastKnownFileType = sourcecode.swift; path = ViewController.swift; sourceTree = "<group>"; };
		E8170A6A2ACD4D10004880DD /* Base */ = {isa = PBXFileReference; lastKnownFileType = file.storyboard; name = Base; path = Base.lproj/Main.storyboard; sourceTree = "<group>"; };
		E8170A6C2ACD4D12004880DD /* Assets.xcassets */ = {isa = PBXFileReference; lastKnownFileType = folder.assetcatalog; path = Assets.xcassets; sourceTree = "<group>"; };
		E8170A6F2ACD4D12004880DD /* Base */ = {isa = PBXFileReference; lastKnownFileType = file.storyboard; name = Base; path = Base.lproj/LaunchScreen.storyboard; sourceTree = "<group>"; };
		E8170A712ACD4D12004880DD /* Info.plist */ = {isa = PBXFileReference; lastKnownFileType = text.plist.xml; path = Info.plist; sourceTree = "<group>"; };
		E8170A772ACD4D42004880DD /* CityDataModel.swift */ = {isa = PBXFileReference; lastKnownFileType = sourcecode.swift; path = CityDataModel.swift; sourceTree = "<group>"; };
		E8170A792ACD4D56004880DD /* CostDataModel.swift */ = {isa = PBXFileReference; lastKnownFileType = sourcecode.swift; path = CostDataModel.swift; sourceTree = "<group>"; };
		E8170A7D2ACD51D8004880DD /* ViewController2.swift */ = {isa = PBXFileReference; lastKnownFileType = sourcecode.swift; path = ViewController2.swift; sourceTree = "<group>"; };
		E8170A7F2ACD58E8004880DD /* TableViewCell.swift */ = {isa = PBXFileReference; lastKnownFileType = sourcecode.swift; path = TableViewCell.swift; sourceTree = "<group>"; };
/* End PBXFileReference section */

/* Begin PBXFrameworksBuildPhase section */
		E8170A5D2ACD4D10004880DD /* Frameworks */ = {
			isa = PBXFrameworksBuildPhase;
			buildActionMask = 2147483647;
			files = (
			);
			runOnlyForDeploymentPostprocessing = 0;
		};
/* End PBXFrameworksBuildPhase section */

/* Begin PBXGroup section */
		E8170A572ACD4D10004880DD = {
			isa = PBXGroup;
			children = (
				E8170A622ACD4D10004880DD /* ProyekUTS */,
				E8170A612ACD4D10004880DD /* Products */,
			);
			sourceTree = "<group>";
		};
		E8170A612ACD4D10004880DD /* Products */ = {
			isa = PBXGroup;
			children = (
				E8170A602ACD4D10004880DD /* ProyekUTS.app */,
			);
			name = Products;
			sourceTree = "<group>";
		};
		E8170A622ACD4D10004880DD /* ProyekUTS */ = {
			isa = PBXGroup;
			children = (
				E8170A632ACD4D10004880DD /* AppDelegate.swift */,
				E8170A652ACD4D10004880DD /* SceneDelegate.swift */,
				E8170A672ACD4D10004880DD /* ViewController.swift */,
				E8170A692ACD4D10004880DD /* Main.storyboard */,
				E8170A7F2ACD58E8004880DD /* TableViewCell.swift */,
				E8170A7D2ACD51D8004880DD /* ViewController2.swift */,
				E8170A772ACD4D42004880DD /* CityDataModel.swift */,
				E8170A792ACD4D56004880DD /* CostDataModel.swift */,
				E8170A6C2ACD4D12004880DD /* Assets.xcassets */,
				E8170A6E2ACD4D12004880DD /* LaunchScreen.storyboard */,
				E8170A712ACD4D12004880DD /* Info.plist */,
			);
			path = ProyekUTS;
			sourceTree = "<group>";
		};
/* End PBXGroup section */

/* Begin PBXNativeTarget section */
		E8170A5F2ACD4D10004880DD /* ProyekUTS */ = {
			isa = PBXNativeTarget;
			buildConfigurationList = E8170A742ACD4D12004880DD /* Build configuration list for PBXNativeTarget "ProyekUTS" */;
			buildPhases = (
				E8170A5C2ACD4D10004880DD /* Sources */,
				E8170A5D2ACD4D10004880DD /* Frameworks */,
				E8170A5E2ACD4D10004880DD /* Resources */,
			);
			buildRules = (
			);
			dependencies = (
			);
			name = ProyekUTS;
			productName = ProyekUTS;
			productReference = E8170A602ACD4D10004880DD /* ProyekUTS.app */;
			productType = "com.apple.product-type.application";
		};
/* End PBXNativeTarget section */

/* Begin PBXProject section */
		E8170A582ACD4D10004880DD /* Project object */ = {
			isa = PBXProject;
			attributes = {
				BuildIndependentTargetsInParallel = 1;
				LastSwiftUpdateCheck = 1330;
				LastUpgradeCheck = 1330;
				TargetAttributes = {
					E8170A5F2ACD4D10004880DD = {
						CreatedOnToolsVersion = 13.3;
					};
				};
			};
			buildConfigurationList = E8170A5B2ACD4D10004880DD /* Build configuration list for PBXProject "ProyekUTS" */;
			compatibilityVersion = "Xcode 13.0";
			developmentRegion = en;
			hasScannedForEncodings = 0;
			knownRegions = (
				en,
				Base,
			);
			mainGroup = E8170A572ACD4D10004880DD;
			productRefGroup = E8170A612ACD4D10004880DD /* Products */;
			projectDirPath = "";
			projectRoot = "";
			targets = (
				E8170A5F2ACD4D10004880DD /* ProyekUTS */,
			);
		};
/* End PBXProject section */

/* Begin PBXResourcesBuildPhase section */
		E8170A5E2ACD4D10004880DD /* Resources */ = {
			isa = PBXResourcesBuildPhase;
			buildActionMask = 2147483647;
			files = (
				E8170A702ACD4D12004880DD /* LaunchScreen.storyboard in Resources */,
				E8170A6D2ACD4D12004880DD /* Assets.xcassets in Resources */,
				E8170A6B2ACD4D10004880DD /* Main.storyboard in Resources */,
			);
			runOnlyForDeploymentPostprocessing = 0;
		};
/* End PBXResourcesBuildPhase section */

/* Begin PBXSourcesBuildPhase section */
		E8170A5C2ACD4D10004880DD /* Sources */ = {
			isa = PBXSourcesBuildPhase;
			buildActionMask = 2147483647;
			files = (
				E8170A7E2ACD51D8004880DD /* ViewController2.swift in Sources */,
				E8170A7A2ACD4D56004880DD /* CostDataModel.swift in Sources */,
				E8170A682ACD4D10004880DD /* ViewController.swift in Sources */,
				E8170A642ACD4D10004880DD /* AppDelegate.swift in Sources */,
				E8170A782ACD4D42004880DD /* CityDataModel.swift in Sources */,
				E8170A802ACD58E8004880DD /* TableViewCell.swift in Sources */,
				E8170A662ACD4D10004880DD /* SceneDelegate.swift in Sources */,
			);
			runOnlyForDeploymentPostprocessing = 0;
		};
/* End PBXSourcesBuildPhase section */

/* Begin PBXVariantGroup section */
		E8170A692ACD4D10004880DD /* Main.storyboard */ = {
			isa = PBXVariantGroup;
			children = (
				E8170A6A2ACD4D10004880DD /* Base */,
			);
			name = Main.storyboard;
			sourceTree = "<group>";
		};
		E8170A6E2ACD4D12004880DD /* LaunchScreen.storyboard */ = {
			isa = PBXVariantGroup;
			children = (
				E8170A6F2ACD4D12004880DD /* Base */,
			);
			name = LaunchScreen.storyboard;
			sourceTree = "<group>";
		};
/* End PBXVariantGroup section */

/* Begin XCBuildConfiguration section */
		E8170A722ACD4D12004880DD /* Debug */ = {
			isa = XCBuildConfiguration;
			buildSettings = {
				ALWAYS_SEARCH_USER_PATHS = NO;
				CLANG_ANALYZER_NONNULL = YES;
				CLANG_ANALYZER_NUMBER_OBJECT_CONVERSION = YES_AGGRESSIVE;
				CLANG_CXX_LANGUAGE_STANDARD = "gnu++17";
				CLANG_ENABLE_MODULES = YES;
				CLANG_ENABLE_OBJC_ARC = YES;
				CLANG_ENABLE_OBJC_WEAK = YES;
				CLANG_WARN_BLOCK_CAPTURE_AUTORELEASING = YES;
				CLANG_WARN_BOOL_CONVERSION = YES;
				CLANG_WARN_COMMA = YES;
				CLANG_WARN_CONSTANT_CONVERSION = YES;
				CLANG_WARN_DEPRECATED_OBJC_IMPLEMENTATIONS = YES;
				CLANG_WARN_DIRECT_OBJC_ISA_USAGE = YES_ERROR;
				CLANG_WARN_DOCUMENTATION_COMMENTS = YES;
				CLANG_WARN_EMPTY_BODY = YES;
				CLANG_WARN_ENUM_CONVERSION = YES;
				CLANG_WARN_INFINITE_RECURSION = YES;
				CLANG_WARN_INT_CONVERSION = YES;
				CLANG_WARN_NON_LITERAL_NULL_CONVERSION = YES;
				CLANG_WARN_OBJC_IMPLICIT_RETAIN_SELF = YES;
				CLANG_WARN_OBJC_LITERAL_CONVERSION = YES;
				CLANG_WARN_OBJC_ROOT_CLASS = YES_ERROR;
				CLANG_WARN_QUOTED_INCLUDE_IN_FRAMEWORK_HEADER = YES;
				CLANG_WARN_RANGE_LOOP_ANALYSIS = YES;
				CLANG_WARN_STRICT_PROTOTYPES = YES;
				CLANG_WARN_SUSPICIOUS_MOVE = YES;
				CLANG_WARN_UNGUARDED_AVAILABILITY = YES_AGGRESSIVE;
				CLANG_WARN_UNREACHABLE_CODE = YES;
				CLANG_WARN__DUPLICATE_METHOD_MATCH = YES;
				COPY_PHASE_STRIP = NO;
				DEBUG_INFORMATION_FORMAT = dwarf;
				ENABLE_STRICT_OBJC_MSGSEND = YES;
				ENABLE_TESTABILITY = YES;
				GCC_C_LANGUAGE_STANDARD = gnu11;
				GCC_DYNAMIC_NO_PIC = NO;
				GCC_NO_COMMON_BLOCKS = YES;
				GCC_OPTIMIZATION_LEVEL = 0;
				GCC_PREPROCESSOR_DEFINITIONS = (
					"DEBUG=1",
					"$(inherited)",
				);
				GCC_WARN_64_TO_32_BIT_CONVERSION = YES;
				GCC_WARN_ABOUT_RETURN_TYPE = YES_ERROR;
				GCC_WARN_UNDECLARED_SELECTOR = YES;
				GCC_WARN_UNINITIALIZED_AUTOS = YES_AGGRESSIVE;
				GCC_WARN_UNUSED_FUNCTION = YES;
				GCC_WARN_UNUSED_VARIABLE = YES;
				IPHONEOS_DEPLOYMENT_TARGET = 15.4;
				MTL_ENABLE_DEBUG_INFO = INCLUDE_SOURCE;
				MTL_FAST_MATH = YES;
				ONLY_ACTIVE_ARCH = YES;
				SDKROOT = iphoneos;
				SWIFT_ACTIVE_COMPILATION_CONDITIONS = DEBUG;
				SWIFT_OPTIMIZATION_LEVEL = "-Onone";
			};
			name = Debug;
		};
		E8170A732ACD4D12004880DD /* Release */ = {
			isa = XCBuildConfiguration;
			buildSettings = {
				ALWAYS_SEARCH_USER_PATHS = NO;
				CLANG_ANALYZER_NONNULL = YES;
				CLANG_ANALYZER_NUMBER_OBJECT_CONVERSION = YES_AGGRESSIVE;
				CLANG_CXX_LANGUAGE_STANDARD = "gnu++17";
				CLANG_ENABLE_MODULES = YES;
				CLANG_ENABLE_OBJC_ARC = YES;
				CLANG_ENABLE_OBJC_WEAK = YES;
				CLANG_WARN_BLOCK_CAPTURE_AUTORELEASING = YES;
				CLANG_WARN_BOOL_CONVERSION = YES;
				CLANG_WARN_COMMA = YES;
				CLANG_WARN_CONSTANT_CONVERSION = YES;
				CLANG_WARN_DEPRECATED_OBJC_IMPLEMENTATIONS = YES;
				CLANG_WARN_DIRECT_OBJC_ISA_USAGE = YES_ERROR;
				CLANG_WARN_DOCUMENTATION_COMMENTS = YES;
				CLANG_WARN_EMPTY_BODY = YES;
				CLANG_WARN_ENUM_CONVERSION = YES;
				CLANG_WARN_INFINITE_RECURSION = YES;
				CLANG_WARN_INT_CONVERSION = YES;
				CLANG_WARN_NON_LITERAL_NULL_CONVERSION = YES;
				CLANG_WARN_OBJC_IMPLICIT_RETAIN_SELF = YES;
				CLANG_WARN_OBJC_LITERAL_CONVERSION = YES;
				CLANG_WARN_OBJC_ROOT_CLASS = YES_ERROR;
				CLANG_WARN_QUOTED_INCLUDE_IN_FRAMEWORK_HEADER = YES;
				CLANG_WARN_RANGE_LOOP_ANALYSIS = YES;
				CLANG_WARN_STRICT_PROTOTYPES = YES;
				CLANG_WARN_SUSPICIOUS_MOVE = YES;
				CLANG_WARN_UNGUARDED_AVAILABILITY = YES_AGGRESSIVE;
				CLANG_WARN_UNREACHABLE_CODE = YES;
				CLANG_WARN__DUPLICATE_METHOD_MATCH = YES;
				COPY_PHASE_STRIP = NO;
				DEBUG_INFORMATION_FORMAT = "dwarf-with-dsym";
				ENABLE_NS_ASSERTIONS = NO;
				ENABLE_STRICT_OBJC_MSGSEND = YES;
				GCC_C_LANGUAGE_STANDARD = gnu11;
				GCC_NO_COMMON_BLOCKS = YES;
				GCC_WARN_64_TO_32_BIT_CONVERSION = YES;
				GCC_WARN_ABOUT_RETURN_TYPE = YES_ERROR;
				GCC_WARN_UNDECLARED_SELECTOR = YES;
				GCC_WARN_UNINITIALIZED_AUTOS = YES_AGGRESSIVE;
				GCC_WARN_UNUSED_FUNCTION = YES;
				GCC_WARN_UNUSED_VARIABLE = YES;
				IPHONEOS_DEPLOYMENT_TARGET = 15.4;
				MTL_ENABLE_DEBUG_INFO = NO;
				MTL_FAST_MATH = YES;
				SDKROOT = iphoneos;
				SWIFT_COMPILATION_MODE = wholemodule;
				SWIFT_OPTIMIZATION_LEVEL = "-O";
				VALIDATE_PRODUCT = YES;
			};
			name = Release;
		};
		E8170A752ACD4D12004880DD /* Debug */ = {
			isa = XCBuildConfiguration;
			buildSettings = {
				ASSETCATALOG_COMPILER_APPICON_NAME = AppIcon;
				ASSETCATALOG_COMPILER_GLOBAL_ACCENT_COLOR_NAME = AccentColor;
				CODE_SIGN_STYLE = Automatic;
				CURRENT_PROJECT_VERSION = 1;
				GENERATE_INFOPLIST_FILE = YES;
				INFOPLIST_FILE = ProyekUTS/Info.plist;
				INFOPLIST_KEY_UIApplicationSupportsIndirectInputEvents = YES;
				INFOPLIST_KEY_UILaunchStoryboardName = Main;
				INFOPLIST_KEY_UIMainStoryboardFile = Main;
				INFOPLIST_KEY_UISupportedInterfaceOrientations_iPad = "UIInterfaceOrientationPortrait UIInterfaceOrientationPortraitUpsideDown UIInterfaceOrientationLandscapeLeft UIInterfaceOrientationLandscapeRight";
				INFOPLIST_KEY_UISupportedInterfaceOrientations_iPhone = "UIInterfaceOrientationPortrait UIInterfaceOrientationLandscapeLeft UIInterfaceOrientationLandscapeRight";
				LD_RUNPATH_SEARCH_PATHS = (
					"$(inherited)",
					"@executable_path/Frameworks",
				);
				MARKETING_VERSION = 1.0;
				PRODUCT_BUNDLE_IDENTIFIER = com.projects.ProyekUTS;
				PRODUCT_NAME = "$(TARGET_NAME)";
				SWIFT_EMIT_LOC_STRINGS = YES;
				SWIFT_VERSION = 5.0;
				TARGETED_DEVICE_FAMILY = "1,2";
			};
			name = Debug;
		};
		E8170A762ACD4D12004880DD /* Release */ = {
			isa = XCBuildConfiguration;
			buildSettings = {
				ASSETCATALOG_COMPILER_APPICON_NAME = AppIcon;
				ASSETCATALOG_COMPILER_GLOBAL_ACCENT_COLOR_NAME = AccentColor;
				CODE_SIGN_STYLE = Automatic;
				CURRENT_PROJECT_VERSION = 1;
				GENERATE_INFOPLIST_FILE = YES;
				INFOPLIST_FILE = ProyekUTS/Info.plist;
				INFOPLIST_KEY_UIApplicationSupportsIndirectInputEvents = YES;
				INFOPLIST_KEY_UILaunchStoryboardName = Main;
				INFOPLIST_KEY_UIMainStoryboardFile = Main;
				INFOPLIST_KEY_UISupportedInterfaceOrientations_iPad = "UIInterfaceOrientationPortrait UIInterfaceOrientationPortraitUpsideDown UIInterfaceOrientationLandscapeLeft UIInterfaceOrientationLandscapeRight";
				INFOPLIST_KEY_UISupportedInterfaceOrientations_iPhone = "UIInterfaceOrientationPortrait UIInterfaceOrientationLandscapeLeft UIInterfaceOrientationLandscapeRight";
				LD_RUNPATH_SEARCH_PATHS = (
					"$(inherited)",
					"@executable_path/Frameworks",
				);
				MARKETING_VERSION = 1.0;
				PRODUCT_BUNDLE_IDENTIFIER = com.projects.ProyekUTS;
				PRODUCT_NAME = "$(TARGET_NAME)";
				SWIFT_EMIT_LOC_STRINGS = YES;
				SWIFT_VERSION = 5.0;
				TARGETED_DEVICE_FAMILY = "1,2";
			};
			name = Release;
		};
/* End XCBuildConfiguration section */

/* Begin XCConfigurationList section */
		E8170A5B2ACD4D10004880DD /* Build configuration list for PBXProject "ProyekUTS" */ = {
			isa = XCConfigurationList;
			buildConfigurations = (
				E8170A722ACD4D12004880DD /* Debug */,
				E8170A732ACD4D12004880DD /* Release */,
			);
			defaultConfigurationIsVisible = 0;
			defaultConfigurationName = Release;
		};
		E8170A742ACD4D12004880DD /* Build configuration list for PBXNativeTarget "ProyekUTS" */ = {
			isa = XCConfigurationList;
			buildConfigurations = (
				E8170A752ACD4D12004880DD /* Debug */,
				E8170A762ACD4D12004880DD /* Release */,
			);
			defaultConfigurationIsVisible = 0;
			defaultConfigurationName = Release;
		};
/* End XCConfigurationList section */
	};
	rootObject = E8170A582ACD4D10004880DD /* Project object */;
}
